// !$*UTF8*$!
{
	archiveVersion = 1;
	classes = {
	};
	objectVersion = 56;
	objects = {

/* Begin PBXBuildFile section */
		FE650C462A52D4EE005D9C9B /* FirebaseService.swift in Sources */ = {isa = PBXBuildFile; fileRef = FE650C452A52D4EE005D9C9B /* FirebaseService.swift */; };
		FE650C492A52F378005D9C9B /* Login.swift in Sources */ = {isa = PBXBuildFile; fileRef = FE650C482A52F378005D9C9B /* Login.swift */; };
		FE650C4F2A540223005D9C9B /* AccountSettings.swift in Sources */ = {isa = PBXBuildFile; fileRef = FE650C4E2A540223005D9C9B /* AccountSettings.swift */; };
		FE650C512A54336F005D9C9B /* OTPProtocol.swift in Sources */ = {isa = PBXBuildFile; fileRef = FE650C502A54336F005D9C9B /* OTPProtocol.swift */; };
		FE650C532A5441B2005D9C9B /* AnyOTPModel.swift in Sources */ = {isa = PBXBuildFile; fileRef = FE650C522A5441B2005D9C9B /* AnyOTPModel.swift */; };
		FECEBC3A2A4AE2C900550888 /* CallingApp.swift in Sources */ = {isa = PBXBuildFile; fileRef = FECEBC392A4AE2C900550888 /* CallingApp.swift */; };
		FECEBC3C2A4AE2C900550888 /* ContentView.swift in Sources */ = {isa = PBXBuildFile; fileRef = FECEBC3B2A4AE2C900550888 /* ContentView.swift */; };
		FECEBC3E2A4AE2CB00550888 /* Assets.xcassets in Resources */ = {isa = PBXBuildFile; fileRef = FECEBC3D2A4AE2CB00550888 /* Assets.xcassets */; };
		FECEBC412A4AE2CB00550888 /* Preview Assets.xcassets in Resources */ = {isa = PBXBuildFile; fileRef = FECEBC402A4AE2CB00550888 /* Preview Assets.xcassets */; };
		FECEBC492A4AE46900550888 /* AgoraAppGroupDataHelper in Frameworks */ = {isa = PBXBuildFile; productRef = FECEBC482A4AE46900550888 /* AgoraAppGroupDataHelper */; };
		FECEBC4B2A4AE46900550888 /* AgoraBroadcastExtensionHelper in Frameworks */ = {isa = PBXBuildFile; productRef = FECEBC4A2A4AE46900550888 /* AgoraBroadcastExtensionHelper */; };
		FECEBC4D2A4AE46900550888 /* AgoraUIKit in Frameworks */ = {isa = PBXBuildFile; productRef = FECEBC4C2A4AE46900550888 /* AgoraUIKit */; };
		FECEBCBD2A52B7FB00550888 /* AgoraViewController.swift in Sources */ = {isa = PBXBuildFile; fileRef = FECEBCBC2A52B7FB00550888 /* AgoraViewController.swift */; };
		FECEBCBF2A52B81B00550888 /* AgoraRep.swift in Sources */ = {isa = PBXBuildFile; fileRef = FECEBCBE2A52B81B00550888 /* AgoraRep.swift */; };
		FECEBCC62A52CAB600550888 /* GoogleService-Info.plist in Resources */ = {isa = PBXBuildFile; fileRef = FECEBCC52A52CAB600550888 /* GoogleService-Info.plist */; };
		FECEBCD12A52CE7900550888 /* Verification.swift in Sources */ = {isa = PBXBuildFile; fileRef = FECEBCD02A52CE7900550888 /* Verification.swift */; };
		FEF29F772A554E790025564B /* ImagePicker.swift in Sources */ = {isa = PBXBuildFile; fileRef = FEF29F762A554E790025564B /* ImagePicker.swift */; };
		FEF29F792A5551E00025564B /* FirebaseManager.swift in Sources */ = {isa = PBXBuildFile; fileRef = FEF29F782A5551E00025564B /* FirebaseManager.swift */; };
		FEF29F7F2A5572DE0025564B /* FirebaseAnalytics in Frameworks */ = {isa = PBXBuildFile; productRef = FEF29F7E2A5572DE0025564B /* FirebaseAnalytics */; };
		FEF29F812A5572DE0025564B /* FirebaseAuth in Frameworks */ = {isa = PBXBuildFile; productRef = FEF29F802A5572DE0025564B /* FirebaseAuth */; };
		FEF29F832A5572DE0025564B /* FirebaseDatabase in Frameworks */ = {isa = PBXBuildFile; productRef = FEF29F822A5572DE0025564B /* FirebaseDatabase */; };
		FEF29F852A5572DE0025564B /* FirebaseFirestore in Frameworks */ = {isa = PBXBuildFile; productRef = FEF29F842A5572DE0025564B /* FirebaseFirestore */; };
		FEF29F872A5572DE0025564B /* FirebaseStorage in Frameworks */ = {isa = PBXBuildFile; productRef = FEF29F862A5572DE0025564B /* FirebaseStorage */; };
		FEF29F892A5578400025564B /* MainMessagesView.swift in Sources */ = {isa = PBXBuildFile; fileRef = FEF29F882A5578400025564B /* MainMessagesView.swift */; };
		FEF29F8F2A557A950025564B /* MainMessagesViewModel.swift in Sources */ = {isa = PBXBuildFile; fileRef = FEF29F8E2A557A950025564B /* MainMessagesViewModel.swift */; };
/* End PBXBuildFile section */

/* Begin PBXFileReference section */
		FE650C452A52D4EE005D9C9B /* FirebaseService.swift */ = {isa = PBXFileReference; lastKnownFileType = sourcecode.swift; path = FirebaseService.swift; sourceTree = "<group>"; };
		FE650C472A52F0B9005D9C9B /* Info.plist */ = {isa = PBXFileReference; lastKnownFileType = text.plist; path = Info.plist; sourceTree = "<group>"; };
		FE650C482A52F378005D9C9B /* Login.swift */ = {isa = PBXFileReference; lastKnownFileType = sourcecode.swift; path = Login.swift; sourceTree = "<group>"; };
		FE650C4E2A540223005D9C9B /* AccountSettings.swift */ = {isa = PBXFileReference; lastKnownFileType = sourcecode.swift; path = AccountSettings.swift; sourceTree = "<group>"; };
		FE650C502A54336F005D9C9B /* OTPProtocol.swift */ = {isa = PBXFileReference; lastKnownFileType = sourcecode.swift; path = OTPProtocol.swift; sourceTree = "<group>"; };
		FE650C522A5441B2005D9C9B /* AnyOTPModel.swift */ = {isa = PBXFileReference; lastKnownFileType = sourcecode.swift; path = AnyOTPModel.swift; sourceTree = "<group>"; };
		FECEBC362A4AE2C900550888 /* Calling.app */ = {isa = PBXFileReference; explicitFileType = wrapper.application; includeInIndex = 0; path = Calling.app; sourceTree = BUILT_PRODUCTS_DIR; };
		FECEBC392A4AE2C900550888 /* CallingApp.swift */ = {isa = PBXFileReference; lastKnownFileType = sourcecode.swift; path = CallingApp.swift; sourceTree = "<group>"; };
		FECEBC3B2A4AE2C900550888 /* ContentView.swift */ = {isa = PBXFileReference; lastKnownFileType = sourcecode.swift; path = ContentView.swift; sourceTree = "<group>"; };
		FECEBC3D2A4AE2CB00550888 /* Assets.xcassets */ = {isa = PBXFileReference; lastKnownFileType = folder.assetcatalog; path = Assets.xcassets; sourceTree = "<group>"; };
		FECEBC402A4AE2CB00550888 /* Preview Assets.xcassets */ = {isa = PBXFileReference; lastKnownFileType = folder.assetcatalog; path = "Preview Assets.xcassets"; sourceTree = "<group>"; };
		FECEBCBC2A52B7FB00550888 /* AgoraViewController.swift */ = {isa = PBXFileReference; fileEncoding = 4; lastKnownFileType = sourcecode.swift; path = AgoraViewController.swift; sourceTree = "<group>"; };
		FECEBCBE2A52B81B00550888 /* AgoraRep.swift */ = {isa = PBXFileReference; lastKnownFileType = sourcecode.swift; path = AgoraRep.swift; sourceTree = "<group>"; };
		FECEBCC52A52CAB600550888 /* GoogleService-Info.plist */ = {isa = PBXFileReference; fileEncoding = 4; lastKnownFileType = text.plist.xml; path = "GoogleService-Info.plist"; sourceTree = "<group>"; };
		FECEBCD02A52CE7900550888 /* Verification.swift */ = {isa = PBXFileReference; lastKnownFileType = sourcecode.swift; path = Verification.swift; sourceTree = "<group>"; };
		FEF29F762A554E790025564B /* ImagePicker.swift */ = {isa = PBXFileReference; lastKnownFileType = sourcecode.swift; path = ImagePicker.swift; sourceTree = "<group>"; };
		FEF29F782A5551E00025564B /* FirebaseManager.swift */ = {isa = PBXFileReference; lastKnownFileType = sourcecode.swift; path = FirebaseManager.swift; sourceTree = "<group>"; };
		FEF29F882A5578400025564B /* MainMessagesView.swift */ = {isa = PBXFileReference; lastKnownFileType = sourcecode.swift; path = MainMessagesView.swift; sourceTree = "<group>"; };
		FEF29F8E2A557A950025564B /* MainMessagesViewModel.swift */ = {isa = PBXFileReference; lastKnownFileType = sourcecode.swift; path = MainMessagesViewModel.swift; sourceTree = "<group>"; };
/* End PBXFileReference section */

/* Begin PBXFrameworksBuildPhase section */
		FECEBC332A4AE2C900550888 /* Frameworks */ = {
			isa = PBXFrameworksBuildPhase;
			buildActionMask = 2147483647;
			files = (
				FEF29F832A5572DE0025564B /* FirebaseDatabase in Frameworks */,
				FECEBC492A4AE46900550888 /* AgoraAppGroupDataHelper in Frameworks */,
				FEF29F812A5572DE0025564B /* FirebaseAuth in Frameworks */,
				FECEBC4B2A4AE46900550888 /* AgoraBroadcastExtensionHelper in Frameworks */,
				FEF29F7F2A5572DE0025564B /* FirebaseAnalytics in Frameworks */,
				FEF29F872A5572DE0025564B /* FirebaseStorage in Frameworks */,
				FECEBC4D2A4AE46900550888 /* AgoraUIKit in Frameworks */,
				FEF29F852A5572DE0025564B /* FirebaseFirestore in Frameworks */,
			);
			runOnlyForDeploymentPostprocessing = 0;
		};
/* End PBXFrameworksBuildPhase section */

/* Begin PBXGroup section */
		FE650C4A2A53F877005D9C9B /* OTP */ = {
			isa = PBXGroup;
			children = (
				FE650C502A54336F005D9C9B /* OTPProtocol.swift */,
				FE650C522A5441B2005D9C9B /* AnyOTPModel.swift */,
				FE650C4C2A53F894005D9C9B /* ViewModel */,
				FE650C4B2A53F88D005D9C9B /* View */,
			);
			path = OTP;
			sourceTree = "<group>";
		};
		FE650C4B2A53F88D005D9C9B /* View */ = {
			isa = PBXGroup;
			children = (
				FE650C482A52F378005D9C9B /* Login.swift */,
				FECEBCD02A52CE7900550888 /* Verification.swift */,
			);
			path = View;
			sourceTree = "<group>";
		};
		FE650C4C2A53F894005D9C9B /* ViewModel */ = {
			isa = PBXGroup;
			children = (
				FE650C452A52D4EE005D9C9B /* FirebaseService.swift */,
			);
			path = ViewModel;
			sourceTree = "<group>";
		};
		FE650C4D2A5401C2005D9C9B /* CreateAccount */ = {
			isa = PBXGroup;
			children = (
				FE650C4A2A53F877005D9C9B /* OTP */,
				FE650C4E2A540223005D9C9B /* AccountSettings.swift */,
			);
			path = CreateAccount;
			sourceTree = "<group>";
		};
		FECEBC2D2A4AE2C900550888 = {
			isa = PBXGroup;
			children = (
				FECEBC382A4AE2C900550888 /* Calling */,
				FECEBCC52A52CAB600550888 /* GoogleService-Info.plist */,
				FECEBC3D2A4AE2CB00550888 /* Assets.xcassets */,
				FECEBC372A4AE2C900550888 /* Products */,
				FEF29F7A2A55546D0025564B /* Frameworks */,
			);
			sourceTree = "<group>";
		};
		FECEBC372A4AE2C900550888 /* Products */ = {
			isa = PBXGroup;
			children = (
				FECEBC362A4AE2C900550888 /* Calling.app */,
			);
			name = Products;
			sourceTree = "<group>";
		};
		FECEBC382A4AE2C900550888 /* Calling */ = {
			isa = PBXGroup;
			children = (
				FE650C472A52F0B9005D9C9B /* Info.plist */,
				FECEBCC42A52BE5000550888 /* SwiftUI */,
				FECEBCC22A52BE3000550888 /* UIKit */,
				FECEBC3F2A4AE2CB00550888 /* Preview Content */,
			);
			path = Calling;
			sourceTree = "<group>";
		};
		FECEBC3F2A4AE2CB00550888 /* Preview Content */ = {
			isa = PBXGroup;
			children = (
				FECEBC402A4AE2CB00550888 /* Preview Assets.xcassets */,
			);
			path = "Preview Content";
			sourceTree = "<group>";
		};
		FECEBCC22A52BE3000550888 /* UIKit */ = {
			isa = PBXGroup;
			children = (
				FECEBCC32A52BE3C00550888 /* AgoraCalling */,
			);
			path = UIKit;
			sourceTree = "<group>";
		};
		FECEBCC32A52BE3C00550888 /* AgoraCalling */ = {
			isa = PBXGroup;
			children = (
				FECEBCBC2A52B7FB00550888 /* AgoraViewController.swift */,
				FECEBCBE2A52B81B00550888 /* AgoraRep.swift */,
			);
			path = AgoraCalling;
			sourceTree = "<group>";
		};
		FECEBCC42A52BE5000550888 /* SwiftUI */ = {
			isa = PBXGroup;
			children = (
				FEF29F8B2A5578ED0025564B /* App */,
				FEF29F752A554E670025564B /* Helpers */,
				FE650C4D2A5401C2005D9C9B /* CreateAccount */,
				FEF29F8A2A5578CE0025564B /* HomeView */,
			);
			path = SwiftUI;
			sourceTree = "<group>";
		};
		FEF29F752A554E670025564B /* Helpers */ = {
			isa = PBXGroup;
			children = (
				FEF29F782A5551E00025564B /* FirebaseManager.swift */,
				FEF29F762A554E790025564B /* ImagePicker.swift */,
			);
			path = Helpers;
			sourceTree = "<group>";
		};
		FEF29F7A2A55546D0025564B /* Frameworks */ = {
			isa = PBXGroup;
			children = (
			);
			name = Frameworks;
			sourceTree = "<group>";
		};
		FEF29F8A2A5578CE0025564B /* HomeView */ = {
			isa = PBXGroup;
			children = (
				FEF29F8D2A557A780025564B /* ViewModel */,
				FEF29F8C2A557A710025564B /* View */,
			);
			path = HomeView;
			sourceTree = "<group>";
		};
		FEF29F8B2A5578ED0025564B /* App */ = {
			isa = PBXGroup;
			children = (
				FECEBC392A4AE2C900550888 /* CallingApp.swift */,
				FECEBC3B2A4AE2C900550888 /* ContentView.swift */,
			);
			path = App;
			sourceTree = "<group>";
		};
		FEF29F8C2A557A710025564B /* View */ = {
			isa = PBXGroup;
			children = (
				FEF29F882A5578400025564B /* MainMessagesView.swift */,
			);
			path = View;
			sourceTree = "<group>";
		};
		FEF29F8D2A557A780025564B /* ViewModel */ = {
			isa = PBXGroup;
			children = (
				FEF29F8E2A557A950025564B /* MainMessagesViewModel.swift */,
			);
			path = ViewModel;
			sourceTree = "<group>";
		};
/* End PBXGroup section */

/* Begin PBXNativeTarget section */
		FECEBC352A4AE2C900550888 /* Calling */ = {
			isa = PBXNativeTarget;
			buildConfigurationList = FECEBC442A4AE2CB00550888 /* Build configuration list for PBXNativeTarget "Calling" */;
			buildPhases = (
				FECEBC322A4AE2C900550888 /* Sources */,
				FECEBC332A4AE2C900550888 /* Frameworks */,
				FECEBC342A4AE2C900550888 /* Resources */,
			);
			buildRules = (
			);
			dependencies = (
			);
			name = Calling;
			packageProductDependencies = (
				FECEBC482A4AE46900550888 /* AgoraAppGroupDataHelper */,
				FECEBC4A2A4AE46900550888 /* AgoraBroadcastExtensionHelper */,
				FECEBC4C2A4AE46900550888 /* AgoraUIKit */,
				FEF29F7E2A5572DE0025564B /* FirebaseAnalytics */,
				FEF29F802A5572DE0025564B /* FirebaseAuth */,
				FEF29F822A5572DE0025564B /* FirebaseDatabase */,
				FEF29F842A5572DE0025564B /* FirebaseFirestore */,
				FEF29F862A5572DE0025564B /* FirebaseStorage */,
			);
			productName = Calling;
			productReference = FECEBC362A4AE2C900550888 /* Calling.app */;
			productType = "com.apple.product-type.application";
		};
/* End PBXNativeTarget section */

/* Begin PBXProject section */
		FECEBC2E2A4AE2C900550888 /* Project object */ = {
			isa = PBXProject;
			attributes = {
				BuildIndependentTargetsInParallel = 1;
				LastSwiftUpdateCheck = 1430;
				LastUpgradeCheck = 1430;
				TargetAttributes = {
					FECEBC352A4AE2C900550888 = {
						CreatedOnToolsVersion = 14.3;
					};
				};
			};
			buildConfigurationList = FECEBC312A4AE2C900550888 /* Build configuration list for PBXProject "Calling" */;
			compatibilityVersion = "Xcode 14.0";
			developmentRegion = en;
			hasScannedForEncodings = 0;
			knownRegions = (
				en,
				Base,
			);
			mainGroup = FECEBC2D2A4AE2C900550888;
			packageReferences = (
				FECEBC472A4AE46900550888 /* XCRemoteSwiftPackageReference "VideoUIKit-iOS" */,
				FEF29F7D2A5572DE0025564B /* XCRemoteSwiftPackageReference "firebase-ios-sdk" */,
			);
			productRefGroup = FECEBC372A4AE2C900550888 /* Products */;
			projectDirPath = "";
			projectRoot = "";
			targets = (
				FECEBC352A4AE2C900550888 /* Calling */,
			);
		};
/* End PBXProject section */

/* Begin PBXResourcesBuildPhase section */
		FECEBC342A4AE2C900550888 /* Resources */ = {
			isa = PBXResourcesBuildPhase;
			buildActionMask = 2147483647;
			files = (
				FECEBC412A4AE2CB00550888 /* Preview Assets.xcassets in Resources */,
				FECEBCC62A52CAB600550888 /* GoogleService-Info.plist in Resources */,
				FECEBC3E2A4AE2CB00550888 /* Assets.xcassets in Resources */,
			);
			runOnlyForDeploymentPostprocessing = 0;
		};
/* End PBXResourcesBuildPhase section */

/* Begin PBXSourcesBuildPhase section */
		FECEBC322A4AE2C900550888 /* Sources */ = {
			isa = PBXSourcesBuildPhase;
			buildActionMask = 2147483647;
			files = (
				FEF29F892A5578400025564B /* MainMessagesView.swift in Sources */,
				FEF29F792A5551E00025564B /* FirebaseManager.swift in Sources */,
				FE650C492A52F378005D9C9B /* Login.swift in Sources */,
				FECEBCD12A52CE7900550888 /* Verification.swift in Sources */,
				FE650C532A5441B2005D9C9B /* AnyOTPModel.swift in Sources */,
				FECEBCBD2A52B7FB00550888 /* AgoraViewController.swift in Sources */,
				FE650C462A52D4EE005D9C9B /* FirebaseService.swift in Sources */,
				FE650C512A54336F005D9C9B /* OTPProtocol.swift in Sources */,
				FECEBC3C2A4AE2C900550888 /* ContentView.swift in Sources */,
				FEF29F772A554E790025564B /* ImagePicker.swift in Sources */,
				FECEBCBF2A52B81B00550888 /* AgoraRep.swift in Sources */,
				FECEBC3A2A4AE2C900550888 /* CallingApp.swift in Sources */,
				FE650C4F2A540223005D9C9B /* AccountSettings.swift in Sources */,
				FEF29F8F2A557A950025564B /* MainMessagesViewModel.swift in Sources */,
			);
			runOnlyForDeploymentPostprocessing = 0;
		};
/* End PBXSourcesBuildPhase section */

/* Begin XCBuildConfiguration section */
		FECEBC422A4AE2CB00550888 /* Debug */ = {
			isa = XCBuildConfiguration;
			buildSettings = {
				ALWAYS_SEARCH_USER_PATHS = NO;
				CLANG_ANALYZER_NONNULL = YES;
				CLANG_ANALYZER_NUMBER_OBJECT_CONVERSION = YES_AGGRESSIVE;
				CLANG_CXX_LANGUAGE_STANDARD = "gnu++20";
				CLANG_ENABLE_MODULES = YES;
				CLANG_ENABLE_OBJC_ARC = YES;
				CLANG_ENABLE_OBJC_WEAK = YES;
				CLANG_WARN_BLOCK_CAPTURE_AUTORELEASING = YES;
				CLANG_WARN_BOOL_CONVERSION = YES;
				CLANG_WARN_COMMA = YES;
				CLANG_WARN_CONSTANT_CONVERSION = YES;
				CLANG_WARN_DEPRECATED_OBJC_IMPLEMENTATIONS = YES;
				CLANG_WARN_DIRECT_OBJC_ISA_USAGE = YES_ERROR;
				CLANG_WARN_DOCUMENTATION_COMMENTS = YES;
				CLANG_WARN_EMPTY_BODY = YES;
				CLANG_WARN_ENUM_CONVERSION = YES;
				CLANG_WARN_INFINITE_RECURSION = YES;
				CLANG_WARN_INT_CONVERSION = YES;
				CLANG_WARN_NON_LITERAL_NULL_CONVERSION = YES;
				CLANG_WARN_OBJC_IMPLICIT_RETAIN_SELF = YES;
				CLANG_WARN_OBJC_LITERAL_CONVERSION = YES;
				CLANG_WARN_OBJC_ROOT_CLASS = YES_ERROR;
				CLANG_WARN_QUOTED_INCLUDE_IN_FRAMEWORK_HEADER = YES;
				CLANG_WARN_RANGE_LOOP_ANALYSIS = YES;
				CLANG_WARN_STRICT_PROTOTYPES = YES;
				CLANG_WARN_SUSPICIOUS_MOVE = YES;
				CLANG_WARN_UNGUARDED_AVAILABILITY = YES_AGGRESSIVE;
				CLANG_WARN_UNREACHABLE_CODE = YES;
				CLANG_WARN__DUPLICATE_METHOD_MATCH = YES;
				COPY_PHASE_STRIP = NO;
				DEBUG_INFORMATION_FORMAT = dwarf;
				ENABLE_STRICT_OBJC_MSGSEND = YES;
				ENABLE_TESTABILITY = YES;
				GCC_C_LANGUAGE_STANDARD = gnu11;
				GCC_DYNAMIC_NO_PIC = NO;
				GCC_NO_COMMON_BLOCKS = YES;
				GCC_OPTIMIZATION_LEVEL = 0;
				GCC_PREPROCESSOR_DEFINITIONS = (
					"DEBUG=1",
					"$(inherited)",
				);
				GCC_WARN_64_TO_32_BIT_CONVERSION = YES;
				GCC_WARN_ABOUT_RETURN_TYPE = YES_ERROR;
				GCC_WARN_UNDECLARED_SELECTOR = YES;
				GCC_WARN_UNINITIALIZED_AUTOS = YES_AGGRESSIVE;
				GCC_WARN_UNUSED_FUNCTION = YES;
				GCC_WARN_UNUSED_VARIABLE = YES;
				IPHONEOS_DEPLOYMENT_TARGET = 16.4;
				MTL_ENABLE_DEBUG_INFO = INCLUDE_SOURCE;
				MTL_FAST_MATH = YES;
				ONLY_ACTIVE_ARCH = YES;
				SDKROOT = iphoneos;
				SWIFT_ACTIVE_COMPILATION_CONDITIONS = DEBUG;
				SWIFT_OPTIMIZATION_LEVEL = "-Onone";
			};
			name = Debug;
		};
		FECEBC432A4AE2CB00550888 /* Release */ = {
			isa = XCBuildConfiguration;
			buildSettings = {
				ALWAYS_SEARCH_USER_PATHS = NO;
				CLANG_ANALYZER_NONNULL = YES;
				CLANG_ANALYZER_NUMBER_OBJECT_CONVERSION = YES_AGGRESSIVE;
				CLANG_CXX_LANGUAGE_STANDARD = "gnu++20";
				CLANG_ENABLE_MODULES = YES;
				CLANG_ENABLE_OBJC_ARC = YES;
				CLANG_ENABLE_OBJC_WEAK = YES;
				CLANG_WARN_BLOCK_CAPTURE_AUTORELEASING = YES;
				CLANG_WARN_BOOL_CONVERSION = YES;
				CLANG_WARN_COMMA = YES;
				CLANG_WARN_CONSTANT_CONVERSION = YES;
				CLANG_WARN_DEPRECATED_OBJC_IMPLEMENTATIONS = YES;
				CLANG_WARN_DIRECT_OBJC_ISA_USAGE = YES_ERROR;
				CLANG_WARN_DOCUMENTATION_COMMENTS = YES;
				CLANG_WARN_EMPTY_BODY = YES;
				CLANG_WARN_ENUM_CONVERSION = YES;
				CLANG_WARN_INFINITE_RECURSION = YES;
				CLANG_WARN_INT_CONVERSION = YES;
				CLANG_WARN_NON_LITERAL_NULL_CONVERSION = YES;
				CLANG_WARN_OBJC_IMPLICIT_RETAIN_SELF = YES;
				CLANG_WARN_OBJC_LITERAL_CONVERSION = YES;
				CLANG_WARN_OBJC_ROOT_CLASS = YES_ERROR;
				CLANG_WARN_QUOTED_INCLUDE_IN_FRAMEWORK_HEADER = YES;
				CLANG_WARN_RANGE_LOOP_ANALYSIS = YES;
				CLANG_WARN_STRICT_PROTOTYPES = YES;
				CLANG_WARN_SUSPICIOUS_MOVE = YES;
				CLANG_WARN_UNGUARDED_AVAILABILITY = YES_AGGRESSIVE;
				CLANG_WARN_UNREACHABLE_CODE = YES;
				CLANG_WARN__DUPLICATE_METHOD_MATCH = YES;
				COPY_PHASE_STRIP = NO;
				DEBUG_INFORMATION_FORMAT = "dwarf-with-dsym";
				ENABLE_NS_ASSERTIONS = NO;
				ENABLE_STRICT_OBJC_MSGSEND = YES;
				GCC_C_LANGUAGE_STANDARD = gnu11;
				GCC_NO_COMMON_BLOCKS = YES;
				GCC_WARN_64_TO_32_BIT_CONVERSION = YES;
				GCC_WARN_ABOUT_RETURN_TYPE = YES_ERROR;
				GCC_WARN_UNDECLARED_SELECTOR = YES;
				GCC_WARN_UNINITIALIZED_AUTOS = YES_AGGRESSIVE;
				GCC_WARN_UNUSED_FUNCTION = YES;
				GCC_WARN_UNUSED_VARIABLE = YES;
				IPHONEOS_DEPLOYMENT_TARGET = 16.4;
				MTL_ENABLE_DEBUG_INFO = NO;
				MTL_FAST_MATH = YES;
				SDKROOT = iphoneos;
				SWIFT_COMPILATION_MODE = wholemodule;
				SWIFT_OPTIMIZATION_LEVEL = "-O";
				VALIDATE_PRODUCT = YES;
			};
			name = Release;
		};
		FECEBC452A4AE2CB00550888 /* Debug */ = {
			isa = XCBuildConfiguration;
			buildSettings = {
				ASSETCATALOG_COMPILER_APPICON_NAME = AppIcon;
				ASSETCATALOG_COMPILER_GLOBAL_ACCENT_COLOR_NAME = AccentColor;
				CODE_SIGN_STYLE = Automatic;
				CURRENT_PROJECT_VERSION = 1;
				DEVELOPMENT_ASSET_PATHS = "\"Calling/Preview Content\"";
				DEVELOPMENT_TEAM = R332B5D47Y;
				ENABLE_PREVIEWS = YES;
				EXCLUDED_ARCHS = arm64;
				GENERATE_INFOPLIST_FILE = YES;
				INFOPLIST_FILE = Calling/Info.plist;
				INFOPLIST_KEY_NSCameraUsageDescription = Camera;
				INFOPLIST_KEY_NSMicrophoneUsageDescription = Audio;
				INFOPLIST_KEY_UIApplicationSceneManifest_Generation = YES;
				INFOPLIST_KEY_UIApplicationSupportsIndirectInputEvents = YES;
				INFOPLIST_KEY_UILaunchScreen_Generation = YES;
				INFOPLIST_KEY_UISupportedInterfaceOrientations_iPad = "UIInterfaceOrientationPortrait UIInterfaceOrientationPortraitUpsideDown UIInterfaceOrientationLandscapeLeft UIInterfaceOrientationLandscapeRight";
				INFOPLIST_KEY_UISupportedInterfaceOrientations_iPhone = "UIInterfaceOrientationPortrait UIInterfaceOrientationLandscapeLeft UIInterfaceOrientationLandscapeRight";
				IPHONEOS_DEPLOYMENT_TARGET = 15.6;
				LD_RUNPATH_SEARCH_PATHS = (
					"$(inherited)",
					"@executable_path/Frameworks",
				);
				MARKETING_VERSION = 1.0;
				ONLY_ACTIVE_ARCH = YES;
				PRODUCT_BUNDLE_IDENTIFIER = com.tekrowe.Calling;
				PRODUCT_NAME = "$(TARGET_NAME)";
				SWIFT_EMIT_LOC_STRINGS = YES;
				SWIFT_VERSION = 5.0;
				TARGETED_DEVICE_FAMILY = "1,2";
			};
			name = Debug;
		};
		FECEBC462A4AE2CB00550888 /* Release */ = {
			isa = XCBuildConfiguration;
			buildSettings = {
				ASSETCATALOG_COMPILER_APPICON_NAME = AppIcon;
				ASSETCATALOG_COMPILER_GLOBAL_ACCENT_COLOR_NAME = AccentColor;
				CODE_SIGN_STYLE = Automatic;
				CURRENT_PROJECT_VERSION = 1;
				DEVELOPMENT_ASSET_PATHS = "\"Calling/Preview Content\"";
				DEVELOPMENT_TEAM = R332B5D47Y;
				ENABLE_PREVIEWS = YES;
				EXCLUDED_ARCHS = arm64;
				GENERATE_INFOPLIST_FILE = YES;
				INFOPLIST_FILE = Calling/Info.plist;
				INFOPLIST_KEY_NSCameraUsageDescription = Camera;
				INFOPLIST_KEY_NSMicrophoneUsageDescription = Audio;
				INFOPLIST_KEY_UIApplicationSceneManifest_Generation = YES;
				INFOPLIST_KEY_UIApplicationSupportsIndirectInputEvents = YES;
				INFOPLIST_KEY_UILaunchScreen_Generation = YES;
				INFOPLIST_KEY_UISupportedInterfaceOrientations_iPad = "UIInterfaceOrientationPortrait UIInterfaceOrientationPortraitUpsideDown UIInterfaceOrientationLandscapeLeft UIInterfaceOrientationLandscapeRight";
				INFOPLIST_KEY_UISupportedInterfaceOrientations_iPhone = "UIInterfaceOrientationPortrait UIInterfaceOrientationLandscapeLeft UIInterfaceOrientationLandscapeRight";
				IPHONEOS_DEPLOYMENT_TARGET = 15.6;
				LD_RUNPATH_SEARCH_PATHS = (
					"$(inherited)",
					"@executable_path/Frameworks",
				);
				MARKETING_VERSION = 1.0;
				PRODUCT_BUNDLE_IDENTIFIER = com.tekrowe.Calling;
				PRODUCT_NAME = "$(TARGET_NAME)";
				SWIFT_EMIT_LOC_STRINGS = YES;
				SWIFT_VERSION = 5.0;
				TARGETED_DEVICE_FAMILY = "1,2";
			};
			name = Release;
		};
/* End XCBuildConfiguration section */

/* Begin XCConfigurationList section */
		FECEBC312A4AE2C900550888 /* Build configuration list for PBXProject "Calling" */ = {
			isa = XCConfigurationList;
			buildConfigurations = (
				FECEBC422A4AE2CB00550888 /* Debug */,
				FECEBC432A4AE2CB00550888 /* Release */,
			);
			defaultConfigurationIsVisible = 0;
			defaultConfigurationName = Release;
		};
		FECEBC442A4AE2CB00550888 /* Build configuration list for PBXNativeTarget "Calling" */ = {
			isa = XCConfigurationList;
			buildConfigurations = (
				FECEBC452A4AE2CB00550888 /* Debug */,
				FECEBC462A4AE2CB00550888 /* Release */,
			);
			defaultConfigurationIsVisible = 0;
			defaultConfigurationName = Release;
		};
/* End XCConfigurationList section */

/* Begin XCRemoteSwiftPackageReference section */
		FECEBC472A4AE46900550888 /* XCRemoteSwiftPackageReference "VideoUIKit-iOS" */ = {
			isa = XCRemoteSwiftPackageReference;
			repositoryURL = "https://github.com/AgoraIO-Community/VideoUIKit-iOS.git";
			requirement = {
				kind = upToNextMajorVersion;
				minimumVersion = 4.0.0;
			};
		};
		FEF29F7D2A5572DE0025564B /* XCRemoteSwiftPackageReference "firebase-ios-sdk" */ = {
			isa = XCRemoteSwiftPackageReference;
			repositoryURL = "https://github.com/firebase/firebase-ios-sdk";
			requirement = {
				kind = upToNextMajorVersion;
				minimumVersion = 10.0.0;
			};
		};
/* End XCRemoteSwiftPackageReference section */

/* Begin XCSwiftPackageProductDependency section */
		FECEBC482A4AE46900550888 /* AgoraAppGroupDataHelper */ = {
			isa = XCSwiftPackageProductDependency;
			package = FECEBC472A4AE46900550888 /* XCRemoteSwiftPackageReference "VideoUIKit-iOS" */;
			productName = AgoraAppGroupDataHelper;
		};
		FECEBC4A2A4AE46900550888 /* AgoraBroadcastExtensionHelper */ = {
			isa = XCSwiftPackageProductDependency;
			package = FECEBC472A4AE46900550888 /* XCRemoteSwiftPackageReference "VideoUIKit-iOS" */;
			productName = AgoraBroadcastExtensionHelper;
		};
		FECEBC4C2A4AE46900550888 /* AgoraUIKit */ = {
			isa = XCSwiftPackageProductDependency;
			package = FECEBC472A4AE46900550888 /* XCRemoteSwiftPackageReference "VideoUIKit-iOS" */;
			productName = AgoraUIKit;
		};
		FEF29F7E2A5572DE0025564B /* FirebaseAnalytics */ = {
			isa = XCSwiftPackageProductDependency;
			package = FEF29F7D2A5572DE0025564B /* XCRemoteSwiftPackageReference "firebase-ios-sdk" */;
			productName = FirebaseAnalytics;
		};
		FEF29F802A5572DE0025564B /* FirebaseAuth */ = {
			isa = XCSwiftPackageProductDependency;
			package = FEF29F7D2A5572DE0025564B /* XCRemoteSwiftPackageReference "firebase-ios-sdk" */;
			productName = FirebaseAuth;
		};
		FEF29F822A5572DE0025564B /* FirebaseDatabase */ = {
			isa = XCSwiftPackageProductDependency;
			package = FEF29F7D2A5572DE0025564B /* XCRemoteSwiftPackageReference "firebase-ios-sdk" */;
			productName = FirebaseDatabase;
		};
		FEF29F842A5572DE0025564B /* FirebaseFirestore */ = {
			isa = XCSwiftPackageProductDependency;
			package = FEF29F7D2A5572DE0025564B /* XCRemoteSwiftPackageReference "firebase-ios-sdk" */;
			productName = FirebaseFirestore;
		};
		FEF29F862A5572DE0025564B /* FirebaseStorage */ = {
			isa = XCSwiftPackageProductDependency;
			package = FEF29F7D2A5572DE0025564B /* XCRemoteSwiftPackageReference "firebase-ios-sdk" */;
			productName = FirebaseStorage;
		};
/* End XCSwiftPackageProductDependency section */
	};
	rootObject = FECEBC2E2A4AE2C900550888 /* Project object */;
}
