// !$*UTF8*$!
{
	archiveVersion = 1;
	classes = {
	};
	objectVersion = 56;
	objects = {

/* Begin PBXBuildFile section */
		FE0AAA362A55939700E9A4D0 /* CreateNewMessageViewModel.swift in Sources */ = {isa = PBXBuildFile; fileRef = FE0AAA352A55939700E9A4D0 /* CreateNewMessageViewModel.swift */; };
		FE0AAA382A5593EC00E9A4D0 /* CreateNewMessageView.swift in Sources */ = {isa = PBXBuildFile; fileRef = FE0AAA372A5593EC00E9A4D0 /* CreateNewMessageView.swift */; };
		FE0AAA3A2A569C2700E9A4D0 /* ChatLogScreen.swift in Sources */ = {isa = PBXBuildFile; fileRef = FE0AAA392A569C2700E9A4D0 /* ChatLogScreen.swift */; };
		FE0AAA3C2A56A9FD00E9A4D0 /* ChatLogViewModel.swift in Sources */ = {isa = PBXBuildFile; fileRef = FE0AAA3B2A56A9FD00E9A4D0 /* ChatLogViewModel.swift */; };
		FE0AAA492A5D2A5100E9A4D0 /* AudioRecorder.swift in Sources */ = {isa = PBXBuildFile; fileRef = FE0AAA482A5D2A5100E9A4D0 /* AudioRecorder.swift */; };
		FE0AAA4B2A5D321800E9A4D0 /* AudioPlayerHelper.swift in Sources */ = {isa = PBXBuildFile; fileRef = FE0AAA4A2A5D321800E9A4D0 /* AudioPlayerHelper.swift */; };
		FE29CA752A5E858F00805A4F /* GradientButton.swift in Sources */ = {isa = PBXBuildFile; fileRef = FE29CA742A5E858F00805A4F /* GradientButton.swift */; };
		FE29CA772A5E93BE00805A4F /* FontInfo.swift in Sources */ = {isa = PBXBuildFile; fileRef = FE29CA762A5E93BE00805A4F /* FontInfo.swift */; };
		FE650C462A52D4EE005D9C9B /* FirebaseService.swift in Sources */ = {isa = PBXBuildFile; fileRef = FE650C452A52D4EE005D9C9B /* FirebaseService.swift */; };
		FE650C492A52F378005D9C9B /* Login.swift in Sources */ = {isa = PBXBuildFile; fileRef = FE650C482A52F378005D9C9B /* Login.swift */; };
		FE650C4F2A540223005D9C9B /* AccountSettings.swift in Sources */ = {isa = PBXBuildFile; fileRef = FE650C4E2A540223005D9C9B /* AccountSettings.swift */; };
		FE650C512A54336F005D9C9B /* OTPProtocol.swift in Sources */ = {isa = PBXBuildFile; fileRef = FE650C502A54336F005D9C9B /* OTPProtocol.swift */; };
		FE650C532A5441B2005D9C9B /* AnyOTPModel.swift in Sources */ = {isa = PBXBuildFile; fileRef = FE650C522A5441B2005D9C9B /* AnyOTPModel.swift */; };
		FEAA14AD2A5D433100158FC0 /* AudioSessionManager.swift in Sources */ = {isa = PBXBuildFile; fileRef = FEAA14AC2A5D433100158FC0 /* AudioSessionManager.swift */; };
		FEAA14B02A5D6B0700158FC0 /* GetStarted.swift in Sources */ = {isa = PBXBuildFile; fileRef = FEAA14AF2A5D6B0700158FC0 /* GetStarted.swift */; };
		FEAA14BE2A5D7BDD00158FC0 /* FirebaseAnalytics in Frameworks */ = {isa = PBXBuildFile; productRef = FEAA14BD2A5D7BDD00158FC0 /* FirebaseAnalytics */; };
		FEAA14C02A5D7BDD00158FC0 /* FirebaseAuth in Frameworks */ = {isa = PBXBuildFile; productRef = FEAA14BF2A5D7BDD00158FC0 /* FirebaseAuth */; };
		FEAA14C22A5D7BDD00158FC0 /* FirebaseFirestore in Frameworks */ = {isa = PBXBuildFile; productRef = FEAA14C12A5D7BDD00158FC0 /* FirebaseFirestore */; };
		FEAA14C42A5D7BDD00158FC0 /* FirebaseFirestoreSwift in Frameworks */ = {isa = PBXBuildFile; productRef = FEAA14C32A5D7BDD00158FC0 /* FirebaseFirestoreSwift */; };
		FEAA14C62A5D7BDD00158FC0 /* FirebaseStorage in Frameworks */ = {isa = PBXBuildFile; productRef = FEAA14C52A5D7BDD00158FC0 /* FirebaseStorage */; };
		FECDB1A82A5FD87D006F41F7 /* HomeViewTab.swift in Sources */ = {isa = PBXBuildFile; fileRef = FECDB1A72A5FD87D006F41F7 /* HomeViewTab.swift */; };
		FECDB1AA2A5FFE1D006F41F7 /* CustomSearchBar.swift in Sources */ = {isa = PBXBuildFile; fileRef = FECDB1A92A5FFE1D006F41F7 /* CustomSearchBar.swift */; };
		FECDB1AC2A6121DE006F41F7 /* Launch Screen.storyboard in Resources */ = {isa = PBXBuildFile; fileRef = FECDB1AB2A6121DE006F41F7 /* Launch Screen.storyboard */; };
		FECEBC3A2A4AE2C900550888 /* CallingApp.swift in Sources */ = {isa = PBXBuildFile; fileRef = FECEBC392A4AE2C900550888 /* CallingApp.swift */; };
		FECEBC3C2A4AE2C900550888 /* ContentView.swift in Sources */ = {isa = PBXBuildFile; fileRef = FECEBC3B2A4AE2C900550888 /* ContentView.swift */; };
		FECEBC3E2A4AE2CB00550888 /* Assets.xcassets in Resources */ = {isa = PBXBuildFile; fileRef = FECEBC3D2A4AE2CB00550888 /* Assets.xcassets */; };
		FECEBC412A4AE2CB00550888 /* Preview Assets.xcassets in Resources */ = {isa = PBXBuildFile; fileRef = FECEBC402A4AE2CB00550888 /* Preview Assets.xcassets */; };
		FECEBC492A4AE46900550888 /* AgoraAppGroupDataHelper in Frameworks */ = {isa = PBXBuildFile; productRef = FECEBC482A4AE46900550888 /* AgoraAppGroupDataHelper */; };
		FECEBC4B2A4AE46900550888 /* AgoraBroadcastExtensionHelper in Frameworks */ = {isa = PBXBuildFile; productRef = FECEBC4A2A4AE46900550888 /* AgoraBroadcastExtensionHelper */; };
		FECEBC4D2A4AE46900550888 /* AgoraUIKit in Frameworks */ = {isa = PBXBuildFile; productRef = FECEBC4C2A4AE46900550888 /* AgoraUIKit */; };
		FECEBCBD2A52B7FB00550888 /* AgoraViewController.swift in Sources */ = {isa = PBXBuildFile; fileRef = FECEBCBC2A52B7FB00550888 /* AgoraViewController.swift */; };
		FECEBCBF2A52B81B00550888 /* AgoraRep.swift in Sources */ = {isa = PBXBuildFile; fileRef = FECEBCBE2A52B81B00550888 /* AgoraRep.swift */; };
		FECEBCD12A52CE7900550888 /* Verification.swift in Sources */ = {isa = PBXBuildFile; fileRef = FECEBCD02A52CE7900550888 /* Verification.swift */; };
		FEF29F772A554E790025564B /* ImagePicker.swift in Sources */ = {isa = PBXBuildFile; fileRef = FEF29F762A554E790025564B /* ImagePicker.swift */; };
		FEF29F792A5551E00025564B /* FirebaseManager.swift in Sources */ = {isa = PBXBuildFile; fileRef = FEF29F782A5551E00025564B /* FirebaseManager.swift */; };
		FEF29F892A5578400025564B /* MainMessagesView.swift in Sources */ = {isa = PBXBuildFile; fileRef = FEF29F882A5578400025564B /* MainMessagesView.swift */; };
		FEF29F8F2A557A950025564B /* MainMessagesViewModel.swift in Sources */ = {isa = PBXBuildFile; fileRef = FEF29F8E2A557A950025564B /* MainMessagesViewModel.swift */; };
		FEFE574A2A629ABD00CEB558 /* PushKit.framework in Frameworks */ = {isa = PBXBuildFile; fileRef = FECDB1B22A6285ED006F41F7 /* PushKit.framework */; };
		FEFE574B2A629AC600CEB558 /* CallKit.framework in Frameworks */ = {isa = PBXBuildFile; fileRef = FECDB1B72A6285FC006F41F7 /* CallKit.framework */; };
		FEFE574E2A62F00900CEB558 /* GoogleService-Info.plist in Resources */ = {isa = PBXBuildFile; fileRef = FEFE574D2A62F00900CEB558 /* GoogleService-Info.plist */; };
		FEFE57502A654B6700CEB558 /* AccountSettingsViewModel.swift in Sources */ = {isa = PBXBuildFile; fileRef = FEFE574F2A654B6700CEB558 /* AccountSettingsViewModel.swift */; };
		FEFE57532A66622300CEB558 /* GroupsView.swift in Sources */ = {isa = PBXBuildFile; fileRef = FEFE57522A66622300CEB558 /* GroupsView.swift */; };
		FEFE57582A666E2F00CEB558 /* ChatGroup.swift in Sources */ = {isa = PBXBuildFile; fileRef = FEFE57572A666E2F00CEB558 /* ChatGroup.swift */; };
		FEFE575A2A66700300CEB558 /* AddEditGroup.swift in Sources */ = {isa = PBXBuildFile; fileRef = FEFE57592A66700300CEB558 /* AddEditGroup.swift */; };
		FEFE575C2A66703F00CEB558 /* GroupsViewModel.swift in Sources */ = {isa = PBXBuildFile; fileRef = FEFE575B2A66703F00CEB558 /* GroupsViewModel.swift */; };
/* End PBXBuildFile section */

/* Begin PBXFileReference section */
		FE0AAA352A55939700E9A4D0 /* CreateNewMessageViewModel.swift */ = {isa = PBXFileReference; lastKnownFileType = sourcecode.swift; path = CreateNewMessageViewModel.swift; sourceTree = "<group>"; };
		FE0AAA372A5593EC00E9A4D0 /* CreateNewMessageView.swift */ = {isa = PBXFileReference; lastKnownFileType = sourcecode.swift; path = CreateNewMessageView.swift; sourceTree = "<group>"; };
		FE0AAA392A569C2700E9A4D0 /* ChatLogScreen.swift */ = {isa = PBXFileReference; lastKnownFileType = sourcecode.swift; path = ChatLogScreen.swift; sourceTree = "<group>"; };
		FE0AAA3B2A56A9FD00E9A4D0 /* ChatLogViewModel.swift */ = {isa = PBXFileReference; lastKnownFileType = sourcecode.swift; path = ChatLogViewModel.swift; sourceTree = "<group>"; };
		FE0AAA482A5D2A5100E9A4D0 /* AudioRecorder.swift */ = {isa = PBXFileReference; lastKnownFileType = sourcecode.swift; path = AudioRecorder.swift; sourceTree = "<group>"; };
		FE0AAA4A2A5D321800E9A4D0 /* AudioPlayerHelper.swift */ = {isa = PBXFileReference; lastKnownFileType = sourcecode.swift; path = AudioPlayerHelper.swift; sourceTree = "<group>"; };
		FE29CA742A5E858F00805A4F /* GradientButton.swift */ = {isa = PBXFileReference; lastKnownFileType = sourcecode.swift; path = GradientButton.swift; sourceTree = "<group>"; };
		FE29CA762A5E93BE00805A4F /* FontInfo.swift */ = {isa = PBXFileReference; lastKnownFileType = sourcecode.swift; path = FontInfo.swift; sourceTree = "<group>"; };
		FE650C452A52D4EE005D9C9B /* FirebaseService.swift */ = {isa = PBXFileReference; lastKnownFileType = sourcecode.swift; path = FirebaseService.swift; sourceTree = "<group>"; };
		FE650C472A52F0B9005D9C9B /* Info.plist */ = {isa = PBXFileReference; lastKnownFileType = text.plist; path = Info.plist; sourceTree = "<group>"; };
		FE650C482A52F378005D9C9B /* Login.swift */ = {isa = PBXFileReference; lastKnownFileType = sourcecode.swift; path = Login.swift; sourceTree = "<group>"; };
		FE650C4E2A540223005D9C9B /* AccountSettings.swift */ = {isa = PBXFileReference; lastKnownFileType = sourcecode.swift; path = AccountSettings.swift; sourceTree = "<group>"; };
		FE650C502A54336F005D9C9B /* OTPProtocol.swift */ = {isa = PBXFileReference; lastKnownFileType = sourcecode.swift; path = OTPProtocol.swift; sourceTree = "<group>"; };
		FE650C522A5441B2005D9C9B /* AnyOTPModel.swift */ = {isa = PBXFileReference; lastKnownFileType = sourcecode.swift; path = AnyOTPModel.swift; sourceTree = "<group>"; };
		FEAA14AC2A5D433100158FC0 /* AudioSessionManager.swift */ = {isa = PBXFileReference; lastKnownFileType = sourcecode.swift; path = AudioSessionManager.swift; sourceTree = "<group>"; };
		FEAA14AF2A5D6B0700158FC0 /* GetStarted.swift */ = {isa = PBXFileReference; lastKnownFileType = sourcecode.swift; path = GetStarted.swift; sourceTree = "<group>"; };
		FECDB1A72A5FD87D006F41F7 /* HomeViewTab.swift */ = {isa = PBXFileReference; lastKnownFileType = sourcecode.swift; path = HomeViewTab.swift; sourceTree = "<group>"; };
		FECDB1A92A5FFE1D006F41F7 /* CustomSearchBar.swift */ = {isa = PBXFileReference; lastKnownFileType = sourcecode.swift; path = CustomSearchBar.swift; sourceTree = "<group>"; };
		FECDB1AB2A6121DE006F41F7 /* Launch Screen.storyboard */ = {isa = PBXFileReference; lastKnownFileType = file.storyboard; path = "Launch Screen.storyboard"; sourceTree = "<group>"; };
		FECDB1B22A6285ED006F41F7 /* PushKit.framework */ = {isa = PBXFileReference; lastKnownFileType = wrapper.framework; name = PushKit.framework; path = System/Library/Frameworks/PushKit.framework; sourceTree = SDKROOT; };
		FECDB1B72A6285FC006F41F7 /* CallKit.framework */ = {isa = PBXFileReference; lastKnownFileType = wrapper.framework; name = CallKit.framework; path = System/Library/Frameworks/CallKit.framework; sourceTree = SDKROOT; };
		FECEBC362A4AE2C900550888 /* Calling.app */ = {isa = PBXFileReference; explicitFileType = wrapper.application; includeInIndex = 0; path = Calling.app; sourceTree = BUILT_PRODUCTS_DIR; };
		FECEBC392A4AE2C900550888 /* CallingApp.swift */ = {isa = PBXFileReference; lastKnownFileType = sourcecode.swift; path = CallingApp.swift; sourceTree = "<group>"; };
		FECEBC3B2A4AE2C900550888 /* ContentView.swift */ = {isa = PBXFileReference; lastKnownFileType = sourcecode.swift; path = ContentView.swift; sourceTree = "<group>"; };
		FECEBC3D2A4AE2CB00550888 /* Assets.xcassets */ = {isa = PBXFileReference; lastKnownFileType = folder.assetcatalog; path = Assets.xcassets; sourceTree = "<group>"; };
		FECEBC402A4AE2CB00550888 /* Preview Assets.xcassets */ = {isa = PBXFileReference; lastKnownFileType = folder.assetcatalog; path = "Preview Assets.xcassets"; sourceTree = "<group>"; };
		FECEBCBC2A52B7FB00550888 /* AgoraViewController.swift */ = {isa = PBXFileReference; fileEncoding = 4; lastKnownFileType = sourcecode.swift; path = AgoraViewController.swift; sourceTree = "<group>"; };
		FECEBCBE2A52B81B00550888 /* AgoraRep.swift */ = {isa = PBXFileReference; lastKnownFileType = sourcecode.swift; path = AgoraRep.swift; sourceTree = "<group>"; };
		FECEBCD02A52CE7900550888 /* Verification.swift */ = {isa = PBXFileReference; lastKnownFileType = sourcecode.swift; path = Verification.swift; sourceTree = "<group>"; };
		FEF29F762A554E790025564B /* ImagePicker.swift */ = {isa = PBXFileReference; lastKnownFileType = sourcecode.swift; path = ImagePicker.swift; sourceTree = "<group>"; };
		FEF29F782A5551E00025564B /* FirebaseManager.swift */ = {isa = PBXFileReference; lastKnownFileType = sourcecode.swift; path = FirebaseManager.swift; sourceTree = "<group>"; };
		FEF29F882A5578400025564B /* MainMessagesView.swift */ = {isa = PBXFileReference; lastKnownFileType = sourcecode.swift; path = MainMessagesView.swift; sourceTree = "<group>"; };
		FEF29F8E2A557A950025564B /* MainMessagesViewModel.swift */ = {isa = PBXFileReference; lastKnownFileType = sourcecode.swift; path = MainMessagesViewModel.swift; sourceTree = "<group>"; };
		FEFE574C2A62A10600CEB558 /* Calling.entitlements */ = {isa = PBXFileReference; lastKnownFileType = text.plist.entitlements; path = Calling.entitlements; sourceTree = "<group>"; };
		FEFE574D2A62F00900CEB558 /* GoogleService-Info.plist */ = {isa = PBXFileReference; fileEncoding = 4; lastKnownFileType = text.plist.xml; path = "GoogleService-Info.plist"; sourceTree = "<group>"; };
		FEFE574F2A654B6700CEB558 /* AccountSettingsViewModel.swift */ = {isa = PBXFileReference; lastKnownFileType = sourcecode.swift; path = AccountSettingsViewModel.swift; sourceTree = "<group>"; };
		FEFE57522A66622300CEB558 /* GroupsView.swift */ = {isa = PBXFileReference; lastKnownFileType = sourcecode.swift; path = GroupsView.swift; sourceTree = "<group>"; };
		FEFE57572A666E2F00CEB558 /* ChatGroup.swift */ = {isa = PBXFileReference; lastKnownFileType = sourcecode.swift; path = ChatGroup.swift; sourceTree = "<group>"; };
		FEFE57592A66700300CEB558 /* AddEditGroup.swift */ = {isa = PBXFileReference; lastKnownFileType = sourcecode.swift; path = AddEditGroup.swift; sourceTree = "<group>"; };
		FEFE575B2A66703F00CEB558 /* GroupsViewModel.swift */ = {isa = PBXFileReference; lastKnownFileType = sourcecode.swift; path = GroupsViewModel.swift; sourceTree = "<group>"; };
/* End PBXFileReference section */

/* Begin PBXFrameworksBuildPhase section */
		FECEBC332A4AE2C900550888 /* Frameworks */ = {
			isa = PBXFrameworksBuildPhase;
			buildActionMask = 2147483647;
			files = (
				FEFE574B2A629AC600CEB558 /* CallKit.framework in Frameworks */,
				FEFE574A2A629ABD00CEB558 /* PushKit.framework in Frameworks */,
				FECEBC492A4AE46900550888 /* AgoraAppGroupDataHelper in Frameworks */,
				FEAA14C02A5D7BDD00158FC0 /* FirebaseAuth in Frameworks */,
				FECEBC4B2A4AE46900550888 /* AgoraBroadcastExtensionHelper in Frameworks */,
				FEAA14C42A5D7BDD00158FC0 /* FirebaseFirestoreSwift in Frameworks */,
				FEAA14BE2A5D7BDD00158FC0 /* FirebaseAnalytics in Frameworks */,
				FEAA14C62A5D7BDD00158FC0 /* FirebaseStorage in Frameworks */,
				FECEBC4D2A4AE46900550888 /* AgoraUIKit in Frameworks */,
				FEAA14C22A5D7BDD00158FC0 /* FirebaseFirestore in Frameworks */,
			);
			runOnlyForDeploymentPostprocessing = 0;
		};
/* End PBXFrameworksBuildPhase section */

/* Begin PBXGroup section */
		FE650C4A2A53F877005D9C9B /* OTP */ = {
			isa = PBXGroup;
			children = (
				FE650C502A54336F005D9C9B /* OTPProtocol.swift */,
				FE650C522A5441B2005D9C9B /* AnyOTPModel.swift */,
				FE650C4C2A53F894005D9C9B /* ViewModel */,
				FE650C4B2A53F88D005D9C9B /* View */,
			);
			path = OTP;
			sourceTree = "<group>";
		};
		FE650C4B2A53F88D005D9C9B /* View */ = {
			isa = PBXGroup;
			children = (
				FE650C482A52F378005D9C9B /* Login.swift */,
				FECEBCD02A52CE7900550888 /* Verification.swift */,
			);
			path = View;
			sourceTree = "<group>";
		};
		FE650C4C2A53F894005D9C9B /* ViewModel */ = {
			isa = PBXGroup;
			children = (
				FE650C452A52D4EE005D9C9B /* FirebaseService.swift */,
			);
			path = ViewModel;
			sourceTree = "<group>";
		};
		FE650C4D2A5401C2005D9C9B /* CreateAccount */ = {
			isa = PBXGroup;
			children = (
				FE650C4A2A53F877005D9C9B /* OTP */,
			);
			path = CreateAccount;
			sourceTree = "<group>";
		};
		FEAA14AE2A5D6AF600158FC0 /* GetStarted */ = {
			isa = PBXGroup;
			children = (
				FEAA14AF2A5D6B0700158FC0 /* GetStarted.swift */,
			);
			path = GetStarted;
			sourceTree = "<group>";
		};
		FECDB1B12A6285EC006F41F7 /* Frameworks */ = {
			isa = PBXGroup;
			children = (
				FECDB1B72A6285FC006F41F7 /* CallKit.framework */,
				FECDB1B22A6285ED006F41F7 /* PushKit.framework */,
			);
			name = Frameworks;
			sourceTree = "<group>";
		};
		FECEBC2D2A4AE2C900550888 = {
			isa = PBXGroup;
			children = (
				FECEBC382A4AE2C900550888 /* Calling */,
				FECEBC3D2A4AE2CB00550888 /* Assets.xcassets */,
				FECEBC372A4AE2C900550888 /* Products */,
				FEFE574D2A62F00900CEB558 /* GoogleService-Info.plist */,
				FECDB1B12A6285EC006F41F7 /* Frameworks */,
			);
			sourceTree = "<group>";
		};
		FECEBC372A4AE2C900550888 /* Products */ = {
			isa = PBXGroup;
			children = (
				FECEBC362A4AE2C900550888 /* Calling.app */,
			);
			name = Products;
			sourceTree = "<group>";
		};
		FECEBC382A4AE2C900550888 /* Calling */ = {
			isa = PBXGroup;
			children = (
				FEFE574C2A62A10600CEB558 /* Calling.entitlements */,
				FE650C472A52F0B9005D9C9B /* Info.plist */,
				FECEBCC42A52BE5000550888 /* SwiftUI */,
				FECEBCC22A52BE3000550888 /* UIKit */,
				FECEBC3F2A4AE2CB00550888 /* Preview Content */,
			);
			path = Calling;
			sourceTree = "<group>";
		};
		FECEBC3F2A4AE2CB00550888 /* Preview Content */ = {
			isa = PBXGroup;
			children = (
				FECEBC402A4AE2CB00550888 /* Preview Assets.xcassets */,
			);
			path = "Preview Content";
			sourceTree = "<group>";
		};
		FECEBCC22A52BE3000550888 /* UIKit */ = {
			isa = PBXGroup;
			children = (
				FECEBCC32A52BE3C00550888 /* AgoraCalling */,
			);
			path = UIKit;
			sourceTree = "<group>";
		};
		FECEBCC32A52BE3C00550888 /* AgoraCalling */ = {
			isa = PBXGroup;
			children = (
				FECEBCBC2A52B7FB00550888 /* AgoraViewController.swift */,
				FECEBCBE2A52B81B00550888 /* AgoraRep.swift */,
			);
			path = AgoraCalling;
			sourceTree = "<group>";
		};
		FECEBCC42A52BE5000550888 /* SwiftUI */ = {
			isa = PBXGroup;
			children = (
				FEF29F8B2A5578ED0025564B /* App */,
				FEAA14AE2A5D6AF600158FC0 /* GetStarted */,
				FEF29F752A554E670025564B /* Helpers */,
				FE650C4D2A5401C2005D9C9B /* CreateAccount */,
				FEF29F8A2A5578CE0025564B /* HomeView */,
				FEFE57512A66620E00CEB558 /* Groups */,
			);
			path = SwiftUI;
			sourceTree = "<group>";
		};
		FEF29F752A554E670025564B /* Helpers */ = {
			isa = PBXGroup;
			children = (
				FEF29F782A5551E00025564B /* FirebaseManager.swift */,
				FEF29F762A554E790025564B /* ImagePicker.swift */,
				FE0AAA482A5D2A5100E9A4D0 /* AudioRecorder.swift */,
				FE0AAA4A2A5D321800E9A4D0 /* AudioPlayerHelper.swift */,
				FEAA14AC2A5D433100158FC0 /* AudioSessionManager.swift */,
				FE29CA742A5E858F00805A4F /* GradientButton.swift */,
				FE29CA762A5E93BE00805A4F /* FontInfo.swift */,
				FECDB1A92A5FFE1D006F41F7 /* CustomSearchBar.swift */,
			);
			path = Helpers;
			sourceTree = "<group>";
		};
		FEF29F8A2A5578CE0025564B /* HomeView */ = {
			isa = PBXGroup;
			children = (
				FEF29F8D2A557A780025564B /* ViewModel */,
				FEF29F8C2A557A710025564B /* View */,
			);
			path = HomeView;
			sourceTree = "<group>";
		};
		FEF29F8B2A5578ED0025564B /* App */ = {
			isa = PBXGroup;
			children = (
				FECEBC392A4AE2C900550888 /* CallingApp.swift */,
				FECEBC3B2A4AE2C900550888 /* ContentView.swift */,
				FECDB1AB2A6121DE006F41F7 /* Launch Screen.storyboard */,
			);
			path = App;
			sourceTree = "<group>";
		};
		FEF29F8C2A557A710025564B /* View */ = {
			isa = PBXGroup;
			children = (
				FE650C4E2A540223005D9C9B /* AccountSettings.swift */,
				FECDB1A72A5FD87D006F41F7 /* HomeViewTab.swift */,
				FEF29F882A5578400025564B /* MainMessagesView.swift */,
				FE0AAA372A5593EC00E9A4D0 /* CreateNewMessageView.swift */,
				FE0AAA392A569C2700E9A4D0 /* ChatLogScreen.swift */,
			);
			path = View;
			sourceTree = "<group>";
		};
		FEF29F8D2A557A780025564B /* ViewModel */ = {
			isa = PBXGroup;
			children = (
				FEF29F8E2A557A950025564B /* MainMessagesViewModel.swift */,
				FE0AAA352A55939700E9A4D0 /* CreateNewMessageViewModel.swift */,
				FE0AAA3B2A56A9FD00E9A4D0 /* ChatLogViewModel.swift */,
				FEFE574F2A654B6700CEB558 /* AccountSettingsViewModel.swift */,
			);
			path = ViewModel;
			sourceTree = "<group>";
		};
		FEFE57512A66620E00CEB558 /* Groups */ = {
			isa = PBXGroup;
			children = (
				FEFE57562A666E1A00CEB558 /* Model */,
				FEFE57552A666E0F00CEB558 /* ViewModel */,
				FEFE57542A666E0900CEB558 /* View */,
			);
			path = Groups;
			sourceTree = "<group>";
		};
		FEFE57542A666E0900CEB558 /* View */ = {
			isa = PBXGroup;
			children = (
				FEFE57522A66622300CEB558 /* GroupsView.swift */,
				FEFE57592A66700300CEB558 /* AddEditGroup.swift */,
			);
			path = View;
			sourceTree = "<group>";
		};
		FEFE57552A666E0F00CEB558 /* ViewModel */ = {
			isa = PBXGroup;
			children = (
				FEFE575B2A66703F00CEB558 /* GroupsViewModel.swift */,
			);
			path = ViewModel;
			sourceTree = "<group>";
		};
		FEFE57562A666E1A00CEB558 /* Model */ = {
			isa = PBXGroup;
			children = (
				FEFE57572A666E2F00CEB558 /* ChatGroup.swift */,
			);
			path = Model;
			sourceTree = "<group>";
		};
/* End PBXGroup section */

/* Begin PBXNativeTarget section */
		FECEBC352A4AE2C900550888 /* Calling */ = {
			isa = PBXNativeTarget;
			buildConfigurationList = FECEBC442A4AE2CB00550888 /* Build configuration list for PBXNativeTarget "Calling" */;
			buildPhases = (
				FECEBC322A4AE2C900550888 /* Sources */,
				FECEBC332A4AE2C900550888 /* Frameworks */,
				FECEBC342A4AE2C900550888 /* Resources */,
			);
			buildRules = (
			);
			dependencies = (
			);
			name = Calling;
			packageProductDependencies = (
				FECEBC482A4AE46900550888 /* AgoraAppGroupDataHelper */,
				FECEBC4A2A4AE46900550888 /* AgoraBroadcastExtensionHelper */,
				FECEBC4C2A4AE46900550888 /* AgoraUIKit */,
				FEAA14BD2A5D7BDD00158FC0 /* FirebaseAnalytics */,
				FEAA14BF2A5D7BDD00158FC0 /* FirebaseAuth */,
				FEAA14C12A5D7BDD00158FC0 /* FirebaseFirestore */,
				FEAA14C32A5D7BDD00158FC0 /* FirebaseFirestoreSwift */,
				FEAA14C52A5D7BDD00158FC0 /* FirebaseStorage */,
			);
			productName = Calling;
			productReference = FECEBC362A4AE2C900550888 /* Calling.app */;
			productType = "com.apple.product-type.application";
		};
/* End PBXNativeTarget section */

/* Begin PBXProject section */
		FECEBC2E2A4AE2C900550888 /* Project object */ = {
			isa = PBXProject;
			attributes = {
				BuildIndependentTargetsInParallel = 1;
				LastSwiftUpdateCheck = 1430;
				LastUpgradeCheck = 1430;
				TargetAttributes = {
					FECEBC352A4AE2C900550888 = {
						CreatedOnToolsVersion = 14.3;
					};
				};
			};
			buildConfigurationList = FECEBC312A4AE2C900550888 /* Build configuration list for PBXProject "Calling" */;
			compatibilityVersion = "Xcode 14.0";
			developmentRegion = en;
			hasScannedForEncodings = 0;
			knownRegions = (
				en,
				Base,
			);
			mainGroup = FECEBC2D2A4AE2C900550888;
			packageReferences = (
				FECEBC472A4AE46900550888 /* XCRemoteSwiftPackageReference "VideoUIKit-iOS" */,
				FEAA14BC2A5D7BDD00158FC0 /* XCRemoteSwiftPackageReference "firebase-ios-sdk" */,
			);
			productRefGroup = FECEBC372A4AE2C900550888 /* Products */;
			projectDirPath = "";
			projectRoot = "";
			targets = (
				FECEBC352A4AE2C900550888 /* Calling */,
			);
		};
/* End PBXProject section */

/* Begin PBXResourcesBuildPhase section */
		FECEBC342A4AE2C900550888 /* Resources */ = {
			isa = PBXResourcesBuildPhase;
			buildActionMask = 2147483647;
			files = (
				FEFE574E2A62F00900CEB558 /* GoogleService-Info.plist in Resources */,
				FECEBC412A4AE2CB00550888 /* Preview Assets.xcassets in Resources */,
				FECDB1AC2A6121DE006F41F7 /* Launch Screen.storyboard in Resources */,
				FECEBC3E2A4AE2CB00550888 /* Assets.xcassets in Resources */,
			);
			runOnlyForDeploymentPostprocessing = 0;
		};
/* End PBXResourcesBuildPhase section */

/* Begin PBXSourcesBuildPhase section */
		FECEBC322A4AE2C900550888 /* Sources */ = {
			isa = PBXSourcesBuildPhase;
			buildActionMask = 2147483647;
			files = (
				FEF29F892A5578400025564B /* MainMessagesView.swift in Sources */,
				FE0AAA362A55939700E9A4D0 /* CreateNewMessageViewModel.swift in Sources */,
				FEFE57502A654B6700CEB558 /* AccountSettingsViewModel.swift in Sources */,
				FE0AAA492A5D2A5100E9A4D0 /* AudioRecorder.swift in Sources */,
				FEF29F792A5551E00025564B /* FirebaseManager.swift in Sources */,
				FE0AAA382A5593EC00E9A4D0 /* CreateNewMessageView.swift in Sources */,
				FE650C492A52F378005D9C9B /* Login.swift in Sources */,
				FE29CA752A5E858F00805A4F /* GradientButton.swift in Sources */,
				FE0AAA3C2A56A9FD00E9A4D0 /* ChatLogViewModel.swift in Sources */,
				FE0AAA4B2A5D321800E9A4D0 /* AudioPlayerHelper.swift in Sources */,
				FECEBCD12A52CE7900550888 /* Verification.swift in Sources */,
				FE650C532A5441B2005D9C9B /* AnyOTPModel.swift in Sources */,
				FECEBCBD2A52B7FB00550888 /* AgoraViewController.swift in Sources */,
				FE650C462A52D4EE005D9C9B /* FirebaseService.swift in Sources */,
				FE650C512A54336F005D9C9B /* OTPProtocol.swift in Sources */,
				FECDB1AA2A5FFE1D006F41F7 /* CustomSearchBar.swift in Sources */,
				FECEBC3C2A4AE2C900550888 /* ContentView.swift in Sources */,
				FECDB1A82A5FD87D006F41F7 /* HomeViewTab.swift in Sources */,
				FEAA14B02A5D6B0700158FC0 /* GetStarted.swift in Sources */,
				FEF29F772A554E790025564B /* ImagePicker.swift in Sources */,
				FECEBCBF2A52B81B00550888 /* AgoraRep.swift in Sources */,
				FECEBC3A2A4AE2C900550888 /* CallingApp.swift in Sources */,
				FEFE57582A666E2F00CEB558 /* ChatGroup.swift in Sources */,
				FE650C4F2A540223005D9C9B /* AccountSettings.swift in Sources */,
				FE29CA772A5E93BE00805A4F /* FontInfo.swift in Sources */,
				FEF29F8F2A557A950025564B /* MainMessagesViewModel.swift in Sources */,
				FEAA14AD2A5D433100158FC0 /* AudioSessionManager.swift in Sources */,
				FEFE57532A66622300CEB558 /* GroupsView.swift in Sources */,
				FEFE575C2A66703F00CEB558 /* GroupsViewModel.swift in Sources */,
				FE0AAA3A2A569C2700E9A4D0 /* ChatLogScreen.swift in Sources */,
				FEFE575A2A66700300CEB558 /* AddEditGroup.swift in Sources */,
			);
			runOnlyForDeploymentPostprocessing = 0;
		};
/* End PBXSourcesBuildPhase section */

/* Begin XCBuildConfiguration section */
		FECEBC422A4AE2CB00550888 /* Debug */ = {
			isa = XCBuildConfiguration;
			buildSettings = {
				ALWAYS_SEARCH_USER_PATHS = NO;
				CLANG_ANALYZER_NONNULL = YES;
				CLANG_ANALYZER_NUMBER_OBJECT_CONVERSION = YES_AGGRESSIVE;
				CLANG_CXX_LANGUAGE_STANDARD = "gnu++20";
				CLANG_ENABLE_MODULES = YES;
				CLANG_ENABLE_OBJC_ARC = YES;
				CLANG_ENABLE_OBJC_WEAK = YES;
				CLANG_WARN_BLOCK_CAPTURE_AUTORELEASING = YES;
				CLANG_WARN_BOOL_CONVERSION = YES;
				CLANG_WARN_COMMA = YES;
				CLANG_WARN_CONSTANT_CONVERSION = YES;
				CLANG_WARN_DEPRECATED_OBJC_IMPLEMENTATIONS = YES;
				CLANG_WARN_DIRECT_OBJC_ISA_USAGE = YES_ERROR;
				CLANG_WARN_DOCUMENTATION_COMMENTS = YES;
				CLANG_WARN_EMPTY_BODY = YES;
				CLANG_WARN_ENUM_CONVERSION = YES;
				CLANG_WARN_INFINITE_RECURSION = YES;
				CLANG_WARN_INT_CONVERSION = YES;
				CLANG_WARN_NON_LITERAL_NULL_CONVERSION = YES;
				CLANG_WARN_OBJC_IMPLICIT_RETAIN_SELF = YES;
				CLANG_WARN_OBJC_LITERAL_CONVERSION = YES;
				CLANG_WARN_OBJC_ROOT_CLASS = YES_ERROR;
				CLANG_WARN_QUOTED_INCLUDE_IN_FRAMEWORK_HEADER = YES;
				CLANG_WARN_RANGE_LOOP_ANALYSIS = YES;
				CLANG_WARN_STRICT_PROTOTYPES = YES;
				CLANG_WARN_SUSPICIOUS_MOVE = YES;
				CLANG_WARN_UNGUARDED_AVAILABILITY = YES_AGGRESSIVE;
				CLANG_WARN_UNREACHABLE_CODE = YES;
				CLANG_WARN__DUPLICATE_METHOD_MATCH = YES;
				COPY_PHASE_STRIP = NO;
				DEBUG_INFORMATION_FORMAT = dwarf;
				ENABLE_STRICT_OBJC_MSGSEND = YES;
				ENABLE_TESTABILITY = YES;
				GCC_C_LANGUAGE_STANDARD = gnu11;
				GCC_DYNAMIC_NO_PIC = NO;
				GCC_NO_COMMON_BLOCKS = YES;
				GCC_OPTIMIZATION_LEVEL = 0;
				GCC_PREPROCESSOR_DEFINITIONS = (
					"DEBUG=1",
					"$(inherited)",
				);
				GCC_WARN_64_TO_32_BIT_CONVERSION = YES;
				GCC_WARN_ABOUT_RETURN_TYPE = YES_ERROR;
				GCC_WARN_UNDECLARED_SELECTOR = YES;
				GCC_WARN_UNINITIALIZED_AUTOS = YES_AGGRESSIVE;
				GCC_WARN_UNUSED_FUNCTION = YES;
				GCC_WARN_UNUSED_VARIABLE = YES;
				IPHONEOS_DEPLOYMENT_TARGET = 16.4;
				MTL_ENABLE_DEBUG_INFO = INCLUDE_SOURCE;
				MTL_FAST_MATH = YES;
				ONLY_ACTIVE_ARCH = YES;
				SDKROOT = iphoneos;
				SWIFT_ACTIVE_COMPILATION_CONDITIONS = DEBUG;
				SWIFT_OPTIMIZATION_LEVEL = "-Onone";
			};
			name = Debug;
		};
		FECEBC432A4AE2CB00550888 /* Release */ = {
			isa = XCBuildConfiguration;
			buildSettings = {
				ALWAYS_SEARCH_USER_PATHS = NO;
				CLANG_ANALYZER_NONNULL = YES;
				CLANG_ANALYZER_NUMBER_OBJECT_CONVERSION = YES_AGGRESSIVE;
				CLANG_CXX_LANGUAGE_STANDARD = "gnu++20";
				CLANG_ENABLE_MODULES = YES;
				CLANG_ENABLE_OBJC_ARC = YES;
				CLANG_ENABLE_OBJC_WEAK = YES;
				CLANG_WARN_BLOCK_CAPTURE_AUTORELEASING = YES;
				CLANG_WARN_BOOL_CONVERSION = YES;
				CLANG_WARN_COMMA = YES;
				CLANG_WARN_CONSTANT_CONVERSION = YES;
				CLANG_WARN_DEPRECATED_OBJC_IMPLEMENTATIONS = YES;
				CLANG_WARN_DIRECT_OBJC_ISA_USAGE = YES_ERROR;
				CLANG_WARN_DOCUMENTATION_COMMENTS = YES;
				CLANG_WARN_EMPTY_BODY = YES;
				CLANG_WARN_ENUM_CONVERSION = YES;
				CLANG_WARN_INFINITE_RECURSION = YES;
				CLANG_WARN_INT_CONVERSION = YES;
				CLANG_WARN_NON_LITERAL_NULL_CONVERSION = YES;
				CLANG_WARN_OBJC_IMPLICIT_RETAIN_SELF = YES;
				CLANG_WARN_OBJC_LITERAL_CONVERSION = YES;
				CLANG_WARN_OBJC_ROOT_CLASS = YES_ERROR;
				CLANG_WARN_QUOTED_INCLUDE_IN_FRAMEWORK_HEADER = YES;
				CLANG_WARN_RANGE_LOOP_ANALYSIS = YES;
				CLANG_WARN_STRICT_PROTOTYPES = YES;
				CLANG_WARN_SUSPICIOUS_MOVE = YES;
				CLANG_WARN_UNGUARDED_AVAILABILITY = YES_AGGRESSIVE;
				CLANG_WARN_UNREACHABLE_CODE = YES;
				CLANG_WARN__DUPLICATE_METHOD_MATCH = YES;
				COPY_PHASE_STRIP = NO;
				DEBUG_INFORMATION_FORMAT = "dwarf-with-dsym";
				ENABLE_NS_ASSERTIONS = NO;
				ENABLE_STRICT_OBJC_MSGSEND = YES;
				GCC_C_LANGUAGE_STANDARD = gnu11;
				GCC_NO_COMMON_BLOCKS = YES;
				GCC_WARN_64_TO_32_BIT_CONVERSION = YES;
				GCC_WARN_ABOUT_RETURN_TYPE = YES_ERROR;
				GCC_WARN_UNDECLARED_SELECTOR = YES;
				GCC_WARN_UNINITIALIZED_AUTOS = YES_AGGRESSIVE;
				GCC_WARN_UNUSED_FUNCTION = YES;
				GCC_WARN_UNUSED_VARIABLE = YES;
				IPHONEOS_DEPLOYMENT_TARGET = 16.4;
				MTL_ENABLE_DEBUG_INFO = NO;
				MTL_FAST_MATH = YES;
				SDKROOT = iphoneos;
				SWIFT_COMPILATION_MODE = wholemodule;
				SWIFT_OPTIMIZATION_LEVEL = "-O";
				VALIDATE_PRODUCT = YES;
			};
			name = Release;
		};
		FECEBC452A4AE2CB00550888 /* Debug */ = {
			isa = XCBuildConfiguration;
			buildSettings = {
				ASSETCATALOG_COMPILER_APPICON_NAME = AppIcon;
				ASSETCATALOG_COMPILER_GLOBAL_ACCENT_COLOR_NAME = AccentColor;
				CODE_SIGN_ENTITLEMENTS = Calling/Calling.entitlements;
				"CODE_SIGN_IDENTITY[sdk=iphoneos*]" = "iPhone Developer";
				CODE_SIGN_STYLE = Manual;
				CURRENT_PROJECT_VERSION = 1;
				DEVELOPMENT_ASSET_PATHS = "\"Calling/Preview Content\"";
				DEVELOPMENT_TEAM = "";
				"DEVELOPMENT_TEAM[sdk=iphoneos*]" = 9ZNYQKY8Z2;
				ENABLE_PREVIEWS = YES;
				EXCLUDED_ARCHS = "";
				GENERATE_INFOPLIST_FILE = YES;
				INFOPLIST_FILE = Calling/Info.plist;
				INFOPLIST_KEY_CFBundleDisplayName = "Tekrowe Calling";
				INFOPLIST_KEY_NSCameraUsageDescription = Camera;
				INFOPLIST_KEY_NSMicrophoneUsageDescription = Audio;
				INFOPLIST_KEY_UIApplicationSceneManifest_Generation = YES;
				INFOPLIST_KEY_UIApplicationSupportsIndirectInputEvents = YES;
				INFOPLIST_KEY_UILaunchStoryboardName = "Launch Screen.storyboard";
				INFOPLIST_KEY_UISupportedInterfaceOrientations = UIInterfaceOrientationPortrait;
				INFOPLIST_KEY_UISupportedInterfaceOrientations_iPad = "UIInterfaceOrientationLandscapeLeft UIInterfaceOrientationLandscapeRight UIInterfaceOrientationPortrait UIInterfaceOrientationPortraitUpsideDown";
				IPHONEOS_DEPLOYMENT_TARGET = 16.0;
				LD_RUNPATH_SEARCH_PATHS = (
					"$(inherited)",
					"@executable_path/Frameworks",
				);
				MARKETING_VERSION = 1.0;
				ONLY_ACTIVE_ARCH = YES;
				PRODUCT_BUNDLE_IDENTIFIER = com.tekrowe.Calling;
				PRODUCT_NAME = "$(TARGET_NAME)";
				PROVISIONING_PROFILE_SPECIFIER = "";
				"PROVISIONING_PROFILE_SPECIFIER[sdk=iphoneos*]" = Calling;
				SWIFT_EMIT_LOC_STRINGS = YES;
				SWIFT_VERSION = 5.0;
				TARGETED_DEVICE_FAMILY = "1,2";
			};
			name = Debug;
		};
		FECEBC462A4AE2CB00550888 /* Release */ = {
			isa = XCBuildConfiguration;
			buildSettings = {
				ASSETCATALOG_COMPILER_APPICON_NAME = AppIcon;
				ASSETCATALOG_COMPILER_GLOBAL_ACCENT_COLOR_NAME = AccentColor;
				CODE_SIGN_ENTITLEMENTS = Calling/Calling.entitlements;
				"CODE_SIGN_IDENTITY[sdk=iphoneos*]" = "iPhone Developer";
				CODE_SIGN_STYLE = Manual;
				CURRENT_PROJECT_VERSION = 1;
				DEVELOPMENT_ASSET_PATHS = "\"Calling/Preview Content\"";
				DEVELOPMENT_TEAM = "";
				"DEVELOPMENT_TEAM[sdk=iphoneos*]" = 9ZNYQKY8Z2;
				ENABLE_PREVIEWS = YES;
				EXCLUDED_ARCHS = "";
				GENERATE_INFOPLIST_FILE = YES;
				INFOPLIST_FILE = Calling/Info.plist;
				INFOPLIST_KEY_CFBundleDisplayName = "Tekrowe Calling";
				INFOPLIST_KEY_NSCameraUsageDescription = Camera;
				INFOPLIST_KEY_NSMicrophoneUsageDescription = Audio;
				INFOPLIST_KEY_UIApplicationSceneManifest_Generation = YES;
				INFOPLIST_KEY_UIApplicationSupportsIndirectInputEvents = YES;
				INFOPLIST_KEY_UILaunchStoryboardName = "Launch Screen.storyboard";
				INFOPLIST_KEY_UISupportedInterfaceOrientations = UIInterfaceOrientationPortrait;
				INFOPLIST_KEY_UISupportedInterfaceOrientations_iPad = "UIInterfaceOrientationLandscapeLeft UIInterfaceOrientationLandscapeRight UIInterfaceOrientationPortrait UIInterfaceOrientationPortraitUpsideDown";
				IPHONEOS_DEPLOYMENT_TARGET = 16.0;
				LD_RUNPATH_SEARCH_PATHS = (
					"$(inherited)",
					"@executable_path/Frameworks",
				);
				MARKETING_VERSION = 1.0;
				ONLY_ACTIVE_ARCH = YES;
				PRODUCT_BUNDLE_IDENTIFIER = com.tekrowe.Calling;
				PRODUCT_NAME = "$(TARGET_NAME)";
				PROVISIONING_PROFILE_SPECIFIER = "";
				"PROVISIONING_PROFILE_SPECIFIER[sdk=iphoneos*]" = Calling;
				SWIFT_EMIT_LOC_STRINGS = YES;
				SWIFT_VERSION = 5.0;
				TARGETED_DEVICE_FAMILY = "1,2";
			};
			name = Release;
		};
/* End XCBuildConfiguration section */

/* Begin XCConfigurationList section */
		FECEBC312A4AE2C900550888 /* Build configuration list for PBXProject "Calling" */ = {
			isa = XCConfigurationList;
			buildConfigurations = (
				FECEBC422A4AE2CB00550888 /* Debug */,
				FECEBC432A4AE2CB00550888 /* Release */,
			);
			defaultConfigurationIsVisible = 0;
			defaultConfigurationName = Release;
		};
		FECEBC442A4AE2CB00550888 /* Build configuration list for PBXNativeTarget "Calling" */ = {
			isa = XCConfigurationList;
			buildConfigurations = (
				FECEBC452A4AE2CB00550888 /* Debug */,
				FECEBC462A4AE2CB00550888 /* Release */,
			);
			defaultConfigurationIsVisible = 0;
			defaultConfigurationName = Release;
		};
/* End XCConfigurationList section */

/* Begin XCRemoteSwiftPackageReference section */
		FEAA14BC2A5D7BDD00158FC0 /* XCRemoteSwiftPackageReference "firebase-ios-sdk" */ = {
			isa = XCRemoteSwiftPackageReference;
			repositoryURL = "https://github.com/firebase/firebase-ios-sdk";
			requirement = {
				kind = upToNextMajorVersion;
				minimumVersion = 10.0.0;
			};
		};
		FECEBC472A4AE46900550888 /* XCRemoteSwiftPackageReference "VideoUIKit-iOS" */ = {
			isa = XCRemoteSwiftPackageReference;
			repositoryURL = "https://github.com/AgoraIO-Community/VideoUIKit-iOS.git";
			requirement = {
				kind = upToNextMajorVersion;
				minimumVersion = 4.0.0;
			};
		};
/* End XCRemoteSwiftPackageReference section */

/* Begin XCSwiftPackageProductDependency section */
		FEAA14BD2A5D7BDD00158FC0 /* FirebaseAnalytics */ = {
			isa = XCSwiftPackageProductDependency;
			package = FEAA14BC2A5D7BDD00158FC0 /* XCRemoteSwiftPackageReference "firebase-ios-sdk" */;
			productName = FirebaseAnalytics;
		};
		FEAA14BF2A5D7BDD00158FC0 /* FirebaseAuth */ = {
			isa = XCSwiftPackageProductDependency;
			package = FEAA14BC2A5D7BDD00158FC0 /* XCRemoteSwiftPackageReference "firebase-ios-sdk" */;
			productName = FirebaseAuth;
		};
		FEAA14C12A5D7BDD00158FC0 /* FirebaseFirestore */ = {
			isa = XCSwiftPackageProductDependency;
			package = FEAA14BC2A5D7BDD00158FC0 /* XCRemoteSwiftPackageReference "firebase-ios-sdk" */;
			productName = FirebaseFirestore;
		};
		FEAA14C32A5D7BDD00158FC0 /* FirebaseFirestoreSwift */ = {
			isa = XCSwiftPackageProductDependency;
			package = FEAA14BC2A5D7BDD00158FC0 /* XCRemoteSwiftPackageReference "firebase-ios-sdk" */;
			productName = FirebaseFirestoreSwift;
		};
		FEAA14C52A5D7BDD00158FC0 /* FirebaseStorage */ = {
			isa = XCSwiftPackageProductDependency;
			package = FEAA14BC2A5D7BDD00158FC0 /* XCRemoteSwiftPackageReference "firebase-ios-sdk" */;
			productName = FirebaseStorage;
		};
		FECEBC482A4AE46900550888 /* AgoraAppGroupDataHelper */ = {
			isa = XCSwiftPackageProductDependency;
			package = FECEBC472A4AE46900550888 /* XCRemoteSwiftPackageReference "VideoUIKit-iOS" */;
			productName = AgoraAppGroupDataHelper;
		};
		FECEBC4A2A4AE46900550888 /* AgoraBroadcastExtensionHelper */ = {
			isa = XCSwiftPackageProductDependency;
			package = FECEBC472A4AE46900550888 /* XCRemoteSwiftPackageReference "VideoUIKit-iOS" */;
			productName = AgoraBroadcastExtensionHelper;
		};
		FECEBC4C2A4AE46900550888 /* AgoraUIKit */ = {
			isa = XCSwiftPackageProductDependency;
			package = FECEBC472A4AE46900550888 /* XCRemoteSwiftPackageReference "VideoUIKit-iOS" */;
			productName = AgoraUIKit;
		};
/* End XCSwiftPackageProductDependency section */
	};
	rootObject = FECEBC2E2A4AE2C900550888 /* Project object */;
}
